
Microsoft Visual Studio Solution File, Format Version 12.00
# Visual Studio 15
VisualStudioVersion = 15.0.28307.645
MinimumVisualStudioVersion = 10.0.40219.1
Project("{8BC9CEB8-8B4A-11D0-8D11-00A0C91BC942}") = "OpenGlReview", "OpenGlReview\OpenGlReview.vcxproj", "{37899C9B-4662-4CD1-8739-592E95D94544}"
EndProject
Global
	GlobalSection(SolutionConfigurationPlatforms) = preSolution
		Debug|x64 = Debug|x64
		Debug|x86 = Debug|x86
		Release|x64 = Release|x64
		Release|x86 = Release|x86
	EndGlobalSection
	GlobalSection(ProjectConfigurationPlatforms) = postSolution
		{37899C9B-4662-4CD1-8739-592E95D94544}.Debug|x64.ActiveCfg = Debug|x64
		{37899C9B-4662-4CD1-8739-592E95D94544}.Debug|x64.Build.0 = Debug|x64
		{37899C9B-4662-4CD1-8739-592E95D94544}.Debug|x86.ActiveCfg = Debug|Win32
		{37899C9B-4662-4CD1-8739-592E95D94544}.Debug|x86.Build.0 = Debug|Win32
		{37899C9B-4662-4CD1-8739-592E95D94544}.Release|x64.ActiveCfg = Release|x64
		{37899C9B-4662-4CD1-8739-592E95D94544}.Release|x64.Build.0 = Release|x64
		{37899C9B-4662-4CD1-8739-592E95D94544}.Release|x86.ActiveCfg = Release|Win32
		{37899C9B-4662-4CD1-8739-592E95D94544}.Release|x86.Build.0 = Release|Win32
	EndGlobalSection
	GlobalSection(SolutionProperties) = preSolution
		HideSolutionNode = FALSE
	EndGlobalSection
	GlobalSection(ExtensibilityGlobals) = postSolution
		SolutionGuid = {627A69F3-E63D-491A-BD10-6F571596F1D7}
	EndGlobalSection
EndGlobal
